
Microsoft Visual Studio Solution File, Format Version 12.00
# Visual Studio Version 17
VisualStudioVersion = 17.13.35919.96 d17.13
MinimumVisualStudioVersion = 10.0.40219.1
Project("{FAE04EC0-301F-11D3-BF4B-00C04F79EFBC}") = "TEST_0808", "TEST_0808.csproj", "{1F202189-EC4D-46C2-B964-098770106F49}"
EndProject
Global
	GlobalSection(SolutionConfigurationPlatforms) = preSolution
		Debug|Any CPU = Debug|Any CPU
		Release|Any CPU = Release|Any CPU
	EndGlobalSection
	GlobalSection(ProjectConfigurationPlatforms) = postSolution
		{1F202189-EC4D-46C2-B964-098770106F49}.Debug|Any CPU.ActiveCfg = Debug|Any CPU
		{1F202189-EC4D-46C2-B964-098770106F49}.Debug|Any CPU.Build.0 = Debug|Any CPU
		{1F202189-EC4D-46C2-B964-098770106F49}.Release|Any CPU.ActiveCfg = Release|Any CPU
		{1F202189-EC4D-46C2-B964-098770106F49}.Release|Any CPU.Build.0 = Release|Any CPU
	EndGlobalSection
	GlobalSection(SolutionProperties) = preSolution
		HideSolutionNode = FALSE
	EndGlobalSection
	GlobalSection(ExtensibilityGlobals) = postSolution
		SolutionGuid = {7A5F260F-B25A-411B-B8CB-645B4DA88E15}
	EndGlobalSection
EndGlobal
